<?xml version="1.0" encoding="utf-8"?>
<Project ToolsVersion="4.0" xmlns="http://schemas.microsoft.com/developer/msbuild/2003">
  <ItemGroup>
    <Filter Include="Source Files">
      <UniqueIdentifier>{4FC737F1-C7A5-4376-A066-2A32D752A2FF}</UniqueIdentifier>
      <Extensions>cpp;c;cc;cxx;c++;cppm;ixx;def;odl;idl;hpj;bat;asm;asmx</Extensions>
    </Filter>
    <Filter Include="Header Files">
      <UniqueIdentifier>{93995380-89BD-4b04-88EB-625FBE52EBFB}</UniqueIdentifier>
      <Extensions>h;hh;hpp;hxx;h++;hm;inl;inc;ipp;xsd</Extensions>
    </Filter>
    <Filter Include="Resource Files">
      <UniqueIdentifier>{67DA6AB6-F800-4c08-8B7A-83BB121AAD01}</UniqueIdentifier>
      <Extensions>rc;ico;cur;bmp;dlg;rc2;rct;bin;rgs;gif;jpg;jpeg;jpe;resx;tiff;tif;png;wav;mfcribbon-ms</Extensions>
    </Filter>
  </ItemGroup>
  <ItemGroup>
    <ClCompile Include="access_node.cpp">
      <Filter>Source Files</Filter>
    </ClCompile>
    <ClCompile Include="access_userinterface.cpp">
      <Filter>Source Files</Filter>
    </ClCompile>
    <ClCompile Include="animationdescriptor.cpp">
      <Filter>Source Files</Filter>
    </ClCompile>
    <ClCompile Include="audio.cpp">
      <Filter>Source Files</Filter>
    </ClCompile>
    <ClCompile Include="bitmapfont.cpp">
      <Filter>Source Files</Filter>
    </ClCompile>
    <ClCompile Include="engine.cpp">
      <Filter>Source Files</Filter>
    </ClCompile>
    <ClCompile Include="event.cpp">
      <Filter>Source Files</Filter>
    </ClCompile>
    <ClCompile Include="font.cpp">
      <Filter>Source Files</Filter>
    </ClCompile>
    <ClCompile Include="gameaudio.cpp">
      <Filter>Source Files</Filter>
    </ClCompile>
    <ClCompile Include="handle.cpp">
      <Filter>Source Files</Filter>
    </ClCompile>
    <ClCompile Include="hresult.cpp">
      <Filter>Source Files</Filter>
    </ClCompile>
    <ClCompile Include="material.cpp">
      <Filter>Source Files</Filter>
    </ClCompile>
    <ClCompile Include="materialadditive.cpp">
      <Filter>Source Files</Filter>
    </ClCompile>
    <ClCompile Include="materialalpha.cpp">
      <Filter>Source Files</Filter>
    </ClCompile>
    <ClCompile Include="materialcreation.cpp">
      <Filter>Source Files</Filter>
    </ClCompile>
    <ClCompile Include="materialstructs.cpp">
      <Filter>Source Files</Filter>
    </ClCompile>
    <ClCompile Include="nodebase.cpp">
      <Filter>Source Files</Filter>
    </ClCompile>
    <ClCompile Include="nodebutton.cpp">
      <Filter>Source Files</Filter>
    </ClCompile>
    <ClCompile Include="nodeemitter.cpp">
      <Filter>Source Files</Filter>
    </ClCompile>
    <ClCompile Include="nodelabel.cpp">
      <Filter>Source Files</Filter>
    </ClCompile>
    <ClCompile Include="nodenumber.cpp">
      <Filter>Source Files</Filter>
    </ClCompile>
    <ClCompile Include="nodeshot.cpp">
      <Filter>Source Files</Filter>
    </ClCompile>
    <ClCompile Include="nodesprite.cpp">
      <Filter>Source Files</Filter>
    </ClCompile>
    <ClCompile Include="oberstatusbar.cpp">
      <Filter>Source Files</Filter>
    </ClCompile>
    <ClCompile Include="obervfs.cpp">
      <Filter>Source Files</Filter>
    </ClCompile>
    <ClCompile Include="particle.cpp">
      <Filter>Source Files</Filter>
    </ClCompile>
    <ClCompile Include="rendercaps.cpp">
      <Filter>Source Files</Filter>
    </ClCompile>
    <ClCompile Include="rendermanager.cpp">
      <Filter>Source Files</Filter>
    </ClCompile>
    <ClCompile Include="resourceanimation.cpp">
      <Filter>Source Files</Filter>
    </ClCompile>
    <ClCompile Include="resourcebase.cpp">
      <Filter>Source Files</Filter>
    </ClCompile>
    <ClCompile Include="resourcemanager.cpp">
      <Filter>Source Files</Filter>
    </ClCompile>
    <ClCompile Include="resourcesound.cpp">
      <Filter>Source Files</Filter>
    </ClCompile>
    <ClCompile Include="resourcetexture.cpp">
      <Filter>Source Files</Filter>
    </ClCompile>
    <ClCompile Include="resourcetexturedyn.cpp">
      <Filter>Source Files</Filter>
    </ClCompile>
    <ClCompile Include="resourcewav.cpp">
      <Filter>Source Files</Filter>
    </ClCompile>
    <ClCompile Include="resourcewma.cpp">
      <Filter>Source Files</Filter>
    </ClCompile>
    <ClCompile Include="savefs.cpp">
      <Filter>Source Files</Filter>
    </ClCompile>
    <ClCompile Include="textrenderer.cpp">
      <Filter>Source Files</Filter>
    </ClCompile>
    <ClCompile Include="timekeeping.cpp">
      <Filter>Source Files</Filter>
    </ClCompile>
    <ClCompile Include="timer.cpp">
      <Filter>Source Files</Filter>
    </ClCompile>
    <ClCompile Include="tip.cpp">
      <Filter>Source Files</Filter>
    </ClCompile>
    <ClCompile Include="tipmanager.cpp">
      <Filter>Source Files</Filter>
    </ClCompile>
    <ClCompile Include="userinterface.cpp">
      <Filter>Source Files</Filter>
    </ClCompile>
    <ClCompile Include="window.cpp">
      <Filter>Source Files</Filter>
    </ClCompile>
    <ClCompile Include="xmlmanager.cpp">
      <Filter>Source Files</Filter>
    </ClCompile>
    <ClCompile Include="stdafx.cpp">
      <Filter>Source Files</Filter>
    </ClCompile>
  </ItemGroup>
  <ItemGroup>
    <ClInclude Include="animationdescriptor.h">
      <Filter>Header Files</Filter>
    </ClInclude>
    <ClInclude Include="audio.h">
      <Filter>Header Files</Filter>
    </ClInclude>
    <ClInclude Include="engine.h">
      <Filter>Header Files</Filter>
    </ClInclude>
    <ClInclude Include="event.h">
      <Filter>Header Files</Filter>
    </ClInclude>
    <ClInclude Include="hresult.h">
      <Filter>Header Files</Filter>
    </ClInclude>
    <ClInclude Include="material.h">
      <Filter>Header Files</Filter>
    </ClInclude>
    <ClInclude Include="materialadditive.h">
      <Filter>Header Files</Filter>
    </ClInclude>
    <ClInclude Include="materialalpha.h">
      <Filter>Header Files</Filter>
    </ClInclude>
    <ClInclude Include="materialcreation.h">
      <Filter>Header Files</Filter>
    </ClInclude>
    <ClInclude Include="materialstructs.h">
      <Filter>Header Files</Filter>
    </ClInclude>
    <ClInclude Include="nodebase.h">
      <Filter>Header Files</Filter>
    </ClInclude>
    <ClInclude Include="nodenumber.h">
      <Filter>Header Files</Filter>
    </ClInclude>
    <ClInclude Include="nodesprite.h">
      <Filter>Header Files</Filter>
    </ClInclude>
    <ClInclude Include="rendercaps.h">
      <Filter>Header Files</Filter>
    </ClInclude>
    <ClInclude Include="rendermanager.h">
      <Filter>Header Files</Filter>
    </ClInclude>
    <ClInclude Include="resourceanimation.h">
      <Filter>Header Files</Filter>
    </ClInclude>
    <ClInclude Include="resourcebase.h">
      <Filter>Header Files</Filter>
    </ClInclude>
    <ClInclude Include="resourcemanager.h">
      <Filter>Header Files</Filter>
    </ClInclude>
    <ClInclude Include="resourcesound.h">
      <Filter>Header Files</Filter>
    </ClInclude>
    <ClInclude Include="resourcetexture.h">
      <Filter>Header Files</Filter>
    </ClInclude>
    <ClInclude Include="resourcetexturedyn.h">
      <Filter>Header Files</Filter>
    </ClInclude>
    <ClInclude Include="resourcewav.h">
      <Filter>Header Files</Filter>
    </ClInclude>
    <ClInclude Include="resourcewma.h">
      <Filter>Header Files</Filter>
    </ClInclude>
    <ClInclude Include="timekeeping.h">
      <Filter>Header Files</Filter>
    </ClInclude>
    <ClInclude Include="timer.h">
      <Filter>Header Files</Filter>
    </ClInclude>
    <ClInclude Include="tip.h">
      <Filter>Header Files</Filter>
    </ClInclude>
    <ClInclude Include="userinterface.h">
      <Filter>Header Files</Filter>
    </ClInclude>
    <ClInclude Include="xmlmanager.h">
      <Filter>Header Files</Filter>
    </ClInclude>
    <ClInclude Include="stdafx.h">
      <Filter>Header Files</Filter>
    </ClInclude>
    <ClInclude Include="window.h">
      <Filter>Header Files</Filter>
    </ClInclude>
    <ClInclude Include="access_node.h">
      <Filter>Header Files</Filter>
    </ClInclude>
    <ClInclude Include="access_userinterface.h">
      <Filter>Header Files</Filter>
    </ClInclude>
    <ClInclude Include="bitmapfont.h">
      <Filter>Header Files</Filter>
    </ClInclude>
    <ClInclude Include="font.h">
      <Filter>Header Files</Filter>
    </ClInclude>
    <ClInclude Include="gameaudio.h">
      <Filter>Header Files</Filter>
    </ClInclude>
    <ClInclude Include="savefs.h">
      <Filter>Header Files</Filter>
    </ClInclude>
    <ClInclude Include="particle.h">
      <Filter>Header Files</Filter>
    </ClInclude>
    <ClInclude Include="obervfs.h">
      <Filter>Header Files</Filter>
    </ClInclude>
    <ClInclude Include="oberstatusbar.h">
      <Filter>Header Files</Filter>
    </ClInclude>
    <ClInclude Include="nodeshot.h">
      <Filter>Header Files</Filter>
    </ClInclude>
    <ClInclude Include="nodelabel.h">
      <Filter>Header Files</Filter>
    </ClInclude>
    <ClInclude Include="nodeemitter.h">
      <Filter>Header Files</Filter>
    </ClInclude>
    <ClInclude Include="nodebutton.h">
      <Filter>Header Files</Filter>
    </ClInclude>
    <ClInclude Include="handle.h">
      <Filter>Header Files</Filter>
    </ClInclude>
    <ClInclude Include="textrenderer.h">
      <Filter>Header Files</Filter>
    </ClInclude>
    <ClInclude Include="tipmanager.h">
      <Filter>Header Files</Filter>
    </ClInclude>
  </ItemGroup>
  <ItemGroup>
    <None Include="packages.config" />
  </ItemGroup>
</Project>